
Microsoft Visual Studio Solution File, Format Version 12.00
# Visual Studio Version 16
VisualStudioVersion = 16.0.29519.87
MinimumVisualStudioVersion = 10.0.40219.1
Project("{FAE04EC0-301F-11D3-BF4B-00C04F79EFBC}") = "Note_Storage", "Note_Storage\Note_Storage.csproj", "{C2AD99E9-104D-42CE-A9B1-5DF1BA770FD0}"
EndProject
Global
	GlobalSection(SolutionConfigurationPlatforms) = preSolution
		Debug|Any CPU = Debug|Any CPU
		Release|Any CPU = Release|Any CPU
	EndGlobalSection
	GlobalSection(ProjectConfigurationPlatforms) = postSolution
		{C2AD99E9-104D-42CE-A9B1-5DF1BA770FD0}.Debug|Any CPU.ActiveCfg = Debug|Any CPU
		{C2AD99E9-104D-42CE-A9B1-5DF1BA770FD0}.Debug|Any CPU.Build.0 = Debug|Any CPU
		{C2AD99E9-104D-42CE-A9B1-5DF1BA770FD0}.Release|Any CPU.ActiveCfg = Release|Any CPU
		{C2AD99E9-104D-42CE-A9B1-5DF1BA770FD0}.Release|Any CPU.Build.0 = Release|Any CPU
	EndGlobalSection
	GlobalSection(SolutionProperties) = preSolution
		HideSolutionNode = FALSE
	EndGlobalSection
	GlobalSection(ExtensibilityGlobals) = postSolution
		SolutionGuid = {CFBFE2F8-7933-497B-86A1-C969A796D3B5}
	EndGlobalSection
EndGlobal
